{
  "version": "4",
  "specifiers": {
    "npm:wasm-image-optimization@*": "1.2.25"
  },
  "npm": {
    "wasm-image-optimization@1.2.25": {
      "integrity": "sha512-tZwmrZFe6RphMBJRIauoxYE4Jhr83qEAX4CPqwZRPdfirWYYctC0Gx9t97RQ38FrqOxYLGOGC7h7/zwO2fWK6Q==",
      "dependencies": [
        "worker-lib"
      ]
    },
    "worker-lib@2.0.6": {
      "integrity": "sha512-xXE8PLUMGGZg1QurqrwrjFn5TyKNzH4aMNnGCyZwxjXQokdF6/zAlLhk5kJht6CEiit5/MKRK30bBbXVDFO42Q=="
    }
  }
}
