{
  "version": "4",
  "specifiers": {
    "npm:wasm-image-optimization@*": "1.2.2"
  },
  "npm": {
    "wasm-image-optimization@1.2.2": {
      "integrity": "sha512-y6fJRbTSOpKTCjdm4adkvTxDNtb0D6hwYOPmt4Bx9AfegWkhK4FSLgKvQIVLcx21ZgV23cd/NRiVXQdcyonTWQ==",
      "dependencies": [
        "worker-lib"
      ]
    },
    "worker-lib@2.0.0": {
      "integrity": "sha512-ackJlCfVeCeJDugvl3Yp8w3JHWhESTzipuvTOsWG29AXhBEydLuyXybbvuX/upqATlphOP9zj3MYxqe3ooKf3A=="
    }
  }
}
